
Microsoft Visual Studio Solution File, Format Version 12.00
# Visual Studio Version 17
VisualStudioVersion = 17.9.34616.47
MinimumVisualStudioVersion = 10.0.40219.1
Project("{9A19103F-16F7-4668-BE54-9A1E7A4F7556}") = "BOINC To MQTT", "BOINC To MQTT\BOINC To MQTT.csproj", "{93027F8D-816E-4EA8-81CF-7BD3D28A87E5}"
EndProject
Project("{9A19103F-16F7-4668-BE54-9A1E7A4F7556}") = "BOINC To MQTT.Tests", "BOINC To MQTT.Tests\BOINC To MQTT.Tests.csproj", "{6B46E429-06CC-47DB-9E29-2FEE44488EF4}"
EndProject
Project("{2150E333-8FDC-42A3-9474-1A3956D46DE8}") = "Solution Items", "Solution Items", "{A1CFE16B-3D30-44E6-8E09-422689816ADC}"
	ProjectSection(SolutionItems) = preProject
		.editorconfig = .editorconfig
		.gitattributes = .gitattributes
		.gitignore = .gitignore
		Directory.Build.props = Directory.Build.props
		LICENSE.txt = LICENSE.txt
		README.md = README.md
	EndProjectSection
EndProject
Global
	GlobalSection(SolutionConfigurationPlatforms) = preSolution
		Debug|Any CPU = Debug|Any CPU
		Release|Any CPU = Release|Any CPU
	EndGlobalSection
	GlobalSection(ProjectConfigurationPlatforms) = postSolution
		{93027F8D-816E-4EA8-81CF-7BD3D28A87E5}.Debug|Any CPU.ActiveCfg = Debug|Any CPU
		{93027F8D-816E-4EA8-81CF-7BD3D28A87E5}.Debug|Any CPU.Build.0 = Debug|Any CPU
		{93027F8D-816E-4EA8-81CF-7BD3D28A87E5}.Release|Any CPU.ActiveCfg = Release|Any CPU
		{93027F8D-816E-4EA8-81CF-7BD3D28A87E5}.Release|Any CPU.Build.0 = Release|Any CPU
		{6B46E429-06CC-47DB-9E29-2FEE44488EF4}.Debug|Any CPU.ActiveCfg = Debug|Any CPU
		{6B46E429-06CC-47DB-9E29-2FEE44488EF4}.Debug|Any CPU.Build.0 = Debug|Any CPU
		{6B46E429-06CC-47DB-9E29-2FEE44488EF4}.Release|Any CPU.ActiveCfg = Release|Any CPU
		{6B46E429-06CC-47DB-9E29-2FEE44488EF4}.Release|Any CPU.Build.0 = Release|Any CPU
	EndGlobalSection
	GlobalSection(SolutionProperties) = preSolution
		HideSolutionNode = FALSE
	EndGlobalSection
	GlobalSection(ExtensibilityGlobals) = postSolution
		SolutionGuid = {EC654A64-0E17-4D9B-8538-98ACC511AABC}
	EndGlobalSection
EndGlobal
